
Microsoft Visual Studio Solution File, Format Version 12.00
# Visual Studio Version 17
VisualStudioVersion = 17.10.35013.160
MinimumVisualStudioVersion = 10.0.40219.1
Project("{FAE04EC0-301F-11D3-BF4B-00C04F79EFBC}") = "AngularApp18.Server", "AngularApp18.Server\AngularApp18.Server.csproj", "{20FCAEA7-B620-4622-B701-A72F70B970D0}"
EndProject
Project("{54A90642-561A-4BB1-A94E-469ADEE60C69}") = "angularapp18.client", "angularapp18.client\angularapp18.client.esproj", "{9DD0428D-F11A-481E-9B9F-2A49BAD6D926}"
EndProject
Global
	GlobalSection(SolutionConfigurationPlatforms) = preSolution
		Debug|Any CPU = Debug|Any CPU
		Release|Any CPU = Release|Any CPU
	EndGlobalSection
	GlobalSection(ProjectConfigurationPlatforms) = postSolution
		{20FCAEA7-B620-4622-B701-A72F70B970D0}.Debug|Any CPU.ActiveCfg = Debug|Any CPU
		{20FCAEA7-B620-4622-B701-A72F70B970D0}.Debug|Any CPU.Build.0 = Debug|Any CPU
		{20FCAEA7-B620-4622-B701-A72F70B970D0}.Release|Any CPU.ActiveCfg = Release|Any CPU
		{20FCAEA7-B620-4622-B701-A72F70B970D0}.Release|Any CPU.Build.0 = Release|Any CPU
		{9DD0428D-F11A-481E-9B9F-2A49BAD6D926}.Debug|Any CPU.ActiveCfg = Debug|Any CPU
		{9DD0428D-F11A-481E-9B9F-2A49BAD6D926}.Debug|Any CPU.Build.0 = Debug|Any CPU
		{9DD0428D-F11A-481E-9B9F-2A49BAD6D926}.Debug|Any CPU.Deploy.0 = Debug|Any CPU
		{9DD0428D-F11A-481E-9B9F-2A49BAD6D926}.Release|Any CPU.ActiveCfg = Release|Any CPU
		{9DD0428D-F11A-481E-9B9F-2A49BAD6D926}.Release|Any CPU.Build.0 = Release|Any CPU
		{9DD0428D-F11A-481E-9B9F-2A49BAD6D926}.Release|Any CPU.Deploy.0 = Release|Any CPU
	EndGlobalSection
	GlobalSection(SolutionProperties) = preSolution
		HideSolutionNode = FALSE
	EndGlobalSection
	GlobalSection(ExtensibilityGlobals) = postSolution
		SolutionGuid = {2D49562B-ADFC-4173-9524-D0F6379C8B7F}
	EndGlobalSection
EndGlobal
